// !$*UTF8*$!
{
	archiveVersion = 1;
	classes = {
	};
	objectVersion = 50;
	objects = {

/* Begin PBXBuildFile section */
		2822D4582330E60E006D747C /* AppDelegate.swift in Sources */ = {isa = PBXBuildFile; fileRef = 2822D4572330E60E006D747C /* AppDelegate.swift */; };
		2822D45D2330E60E006D747C /* Main.storyboard in Resources */ = {isa = PBXBuildFile; fileRef = 2822D45B2330E60E006D747C /* Main.storyboard */; };
		2822D45F2330E60F006D747C /* Assets.xcassets in Resources */ = {isa = PBXBuildFile; fileRef = 2822D45E2330E60F006D747C /* Assets.xcassets */; };
		2822D4622330E60F006D747C /* LaunchScreen.storyboard in Resources */ = {isa = PBXBuildFile; fileRef = 2822D4602330E60F006D747C /* LaunchScreen.storyboard */; };
		2822D46D2330E6D9006D747C /* LoginProtocals.swift in Sources */ = {isa = PBXBuildFile; fileRef = 2822D46C2330E6D9006D747C /* LoginProtocals.swift */; };
		2822D4712330EB2A006D747C /* LoginPresenter.swift in Sources */ = {isa = PBXBuildFile; fileRef = 2822D4702330EB2A006D747C /* LoginPresenter.swift */; };
		2822D4752330EC02006D747C /* LoginInteractor.swift in Sources */ = {isa = PBXBuildFile; fileRef = 2822D4742330EC02006D747C /* LoginInteractor.swift */; };
		2822D4782330EEE4006D747C /* URLManager.swift in Sources */ = {isa = PBXBuildFile; fileRef = 2822D4772330EEE4006D747C /* URLManager.swift */; };
		2822D47B2330F09A006D747C /* Webservice.swift in Sources */ = {isa = PBXBuildFile; fileRef = 2822D47A2330F09A006D747C /* Webservice.swift */; };
		2822D47D2330F6B2006D747C /* Reachability.swift in Sources */ = {isa = PBXBuildFile; fileRef = 2822D47C2330F6B2006D747C /* Reachability.swift */; };
		2822D480233103CC006D747C /* LoginRouter.swift in Sources */ = {isa = PBXBuildFile; fileRef = 2822D47F233103CC006D747C /* LoginRouter.swift */; };
		2822D4832331178F006D747C /* LoginEntity.swift in Sources */ = {isa = PBXBuildFile; fileRef = 2822D4822331178F006D747C /* LoginEntity.swift */; };
		28434E6023338162005C975B /* LoginViewController.swift in Sources */ = {isa = PBXBuildFile; fileRef = 28434E5F23338162005C975B /* LoginViewController.swift */; };
		28434E622333B7FD005C975B /* SessionManager.swift in Sources */ = {isa = PBXBuildFile; fileRef = 28434E612333B7FD005C975B /* SessionManager.swift */; };
		2853F7362331FF3C00B43D41 /* Constants.swift in Sources */ = {isa = PBXBuildFile; fileRef = 2853F7352331FF3C00B43D41 /* Constants.swift */; };
		28E7E6F82338D4E000237B26 /* SignUpViewController.swift in Sources */ = {isa = PBXBuildFile; fileRef = 28E7E6F72338D4E000237B26 /* SignUpViewController.swift */; };
		28E7E6FF2338E78F00237B26 /* SignUpProtocal.swift in Sources */ = {isa = PBXBuildFile; fileRef = 28E7E6FE2338E78F00237B26 /* SignUpProtocal.swift */; };
		28E7E7012338EA9B00237B26 /* SignUpPresenter.swift in Sources */ = {isa = PBXBuildFile; fileRef = 28E7E7002338EA9B00237B26 /* SignUpPresenter.swift */; };
		28E7E7032338F21900237B26 /* SignUpRouter.swift in Sources */ = {isa = PBXBuildFile; fileRef = 28E7E7022338F21900237B26 /* SignUpRouter.swift */; };
		B7114F8757933675FD103791 /* Pods_ViperSample.framework in Frameworks */ = {isa = PBXBuildFile; fileRef = 2D555617825006DEB46220C1 /* Pods_ViperSample.framework */; };
/* End PBXBuildFile section */

/* Begin PBXFileReference section */
		2822D4542330E60E006D747C /* ViperSample.app */ = {isa = PBXFileReference; explicitFileType = wrapper.application; includeInIndex = 0; path = ViperSample.app; sourceTree = BUILT_PRODUCTS_DIR; };
		2822D4572330E60E006D747C /* AppDelegate.swift */ = {isa = PBXFileReference; lastKnownFileType = sourcecode.swift; path = AppDelegate.swift; sourceTree = "<group>"; };
		2822D45C2330E60E006D747C /* Base */ = {isa = PBXFileReference; lastKnownFileType = file.storyboard; name = Base; path = Base.lproj/Main.storyboard; sourceTree = "<group>"; };
		2822D45E2330E60F006D747C /* Assets.xcassets */ = {isa = PBXFileReference; lastKnownFileType = folder.assetcatalog; path = Assets.xcassets; sourceTree = "<group>"; };
		2822D4612330E60F006D747C /* Base */ = {isa = PBXFileReference; lastKnownFileType = file.storyboard; name = Base; path = Base.lproj/LaunchScreen.storyboard; sourceTree = "<group>"; };
		2822D4632330E60F006D747C /* Info.plist */ = {isa = PBXFileReference; lastKnownFileType = text.plist.xml; path = Info.plist; sourceTree = "<group>"; };
		2822D46C2330E6D9006D747C /* LoginProtocals.swift */ = {isa = PBXFileReference; lastKnownFileType = sourcecode.swift; path = LoginProtocals.swift; sourceTree = "<group>"; };
		2822D4702330EB2A006D747C /* LoginPresenter.swift */ = {isa = PBXFileReference; lastKnownFileType = sourcecode.swift; path = LoginPresenter.swift; sourceTree = "<group>"; };
		2822D4742330EC02006D747C /* LoginInteractor.swift */ = {isa = PBXFileReference; lastKnownFileType = sourcecode.swift; path = LoginInteractor.swift; sourceTree = "<group>"; };
		2822D4772330EEE4006D747C /* URLManager.swift */ = {isa = PBXFileReference; lastKnownFileType = sourcecode.swift; path = URLManager.swift; sourceTree = "<group>"; };
		2822D47A2330F09A006D747C /* Webservice.swift */ = {isa = PBXFileReference; lastKnownFileType = sourcecode.swift; path = Webservice.swift; sourceTree = "<group>"; };
		2822D47C2330F6B2006D747C /* Reachability.swift */ = {isa = PBXFileReference; fileEncoding = 4; lastKnownFileType = sourcecode.swift; path = Reachability.swift; sourceTree = "<group>"; };
		2822D47F233103CC006D747C /* LoginRouter.swift */ = {isa = PBXFileReference; lastKnownFileType = sourcecode.swift; path = LoginRouter.swift; sourceTree = "<group>"; };
		2822D4822331178F006D747C /* LoginEntity.swift */ = {isa = PBXFileReference; lastKnownFileType = sourcecode.swift; path = LoginEntity.swift; sourceTree = "<group>"; };
		28434E5F23338162005C975B /* LoginViewController.swift */ = {isa = PBXFileReference; lastKnownFileType = sourcecode.swift; path = LoginViewController.swift; sourceTree = "<group>"; };
		28434E612333B7FD005C975B /* SessionManager.swift */ = {isa = PBXFileReference; lastKnownFileType = sourcecode.swift; path = SessionManager.swift; sourceTree = "<group>"; };
		2853F7352331FF3C00B43D41 /* Constants.swift */ = {isa = PBXFileReference; lastKnownFileType = sourcecode.swift; path = Constants.swift; sourceTree = "<group>"; };
		28E7E6F72338D4E000237B26 /* SignUpViewController.swift */ = {isa = PBXFileReference; lastKnownFileType = sourcecode.swift; path = SignUpViewController.swift; sourceTree = "<group>"; };
		28E7E6FE2338E78F00237B26 /* SignUpProtocal.swift */ = {isa = PBXFileReference; lastKnownFileType = sourcecode.swift; path = SignUpProtocal.swift; sourceTree = "<group>"; };
		28E7E7002338EA9B00237B26 /* SignUpPresenter.swift */ = {isa = PBXFileReference; lastKnownFileType = sourcecode.swift; path = SignUpPresenter.swift; sourceTree = "<group>"; };
		28E7E7022338F21900237B26 /* SignUpRouter.swift */ = {isa = PBXFileReference; lastKnownFileType = sourcecode.swift; path = SignUpRouter.swift; sourceTree = "<group>"; };
		2D555617825006DEB46220C1 /* Pods_ViperSample.framework */ = {isa = PBXFileReference; explicitFileType = wrapper.framework; includeInIndex = 0; path = Pods_ViperSample.framework; sourceTree = BUILT_PRODUCTS_DIR; };
		97B65C5EE6D6D63154F4CF2F /* Pods-ViperSample.debug.xcconfig */ = {isa = PBXFileReference; includeInIndex = 1; lastKnownFileType = text.xcconfig; name = "Pods-ViperSample.debug.xcconfig"; path = "Target Support Files/Pods-ViperSample/Pods-ViperSample.debug.xcconfig"; sourceTree = "<group>"; };
		A17B2790157DAFB3B0B19558 /* Pods-ViperSample.release.xcconfig */ = {isa = PBXFileReference; includeInIndex = 1; lastKnownFileType = text.xcconfig; name = "Pods-ViperSample.release.xcconfig"; path = "Target Support Files/Pods-ViperSample/Pods-ViperSample.release.xcconfig"; sourceTree = "<group>"; };
/* End PBXFileReference section */

/* Begin PBXFrameworksBuildPhase section */
		2822D4512330E60E006D747C /* Frameworks */ = {
			isa = PBXFrameworksBuildPhase;
			buildActionMask = 2147483647;
			files = (
				B7114F8757933675FD103791 /* Pods_ViperSample.framework in Frameworks */,
			);
			runOnlyForDeploymentPostprocessing = 0;
		};
/* End PBXFrameworksBuildPhase section */

/* Begin PBXGroup section */
		2822D44B2330E60E006D747C = {
			isa = PBXGroup;
			children = (
				2822D4562330E60E006D747C /* ViperSample */,
				2822D4552330E60E006D747C /* Products */,
				BD2A84C969A5404F503E3096 /* Pods */,
				66882E3E15AAE7EF672C6D20 /* Frameworks */,
			);
			sourceTree = "<group>";
		};
		2822D4552330E60E006D747C /* Products */ = {
			isa = PBXGroup;
			children = (
				2822D4542330E60E006D747C /* ViperSample.app */,
			);
			name = Products;
			sourceTree = "<group>";
		};
		2822D4562330E60E006D747C /* ViperSample */ = {
			isa = PBXGroup;
			children = (
				28E7E6F52338D49300237B26 /* SignupModel */,
				2822D4792330F044006D747C /* Webservice */,
				2822D4762330EEB7006D747C /* Constants */,
				2822D46A2330E642006D747C /* LoginModel */,
				2822D4572330E60E006D747C /* AppDelegate.swift */,
				2822D45B2330E60E006D747C /* Main.storyboard */,
				2822D45E2330E60F006D747C /* Assets.xcassets */,
				2822D4602330E60F006D747C /* LaunchScreen.storyboard */,
				2822D4632330E60F006D747C /* Info.plist */,
			);
			path = ViperSample;
			sourceTree = "<group>";
		};
		2822D46A2330E642006D747C /* LoginModel */ = {
			isa = PBXGroup;
			children = (
				2822D4812331176C006D747C /* Entity */,
				2822D47E233103A4006D747C /* Router */,
				2822D4722330EBBE006D747C /* Interactor */,
				2822D46F2330EB04006D747C /* Presenter */,
				2822D46E2330EA2D006D747C /* View */,
				2822D46B2330E69E006D747C /* Protocals */,
			);
			path = LoginModel;
			sourceTree = "<group>";
		};
		2822D46B2330E69E006D747C /* Protocals */ = {
			isa = PBXGroup;
			children = (
				2822D46C2330E6D9006D747C /* LoginProtocals.swift */,
			);
			path = Protocals;
			sourceTree = "<group>";
		};
		2822D46E2330EA2D006D747C /* View */ = {
			isa = PBXGroup;
			children = (
				28434E5F23338162005C975B /* LoginViewController.swift */,
			);
			path = View;
			sourceTree = "<group>";
		};
		2822D46F2330EB04006D747C /* Presenter */ = {
			isa = PBXGroup;
			children = (
				2822D4702330EB2A006D747C /* LoginPresenter.swift */,
			);
			path = Presenter;
			sourceTree = "<group>";
		};
		2822D4722330EBBE006D747C /* Interactor */ = {
			isa = PBXGroup;
			children = (
				2822D4742330EC02006D747C /* LoginInteractor.swift */,
			);
			path = Interactor;
			sourceTree = "<group>";
		};
		2822D4762330EEB7006D747C /* Constants */ = {
			isa = PBXGroup;
			children = (
				2822D4772330EEE4006D747C /* URLManager.swift */,
				2853F7352331FF3C00B43D41 /* Constants.swift */,
			);
			path = Constants;
			sourceTree = "<group>";
		};
		2822D4792330F044006D747C /* Webservice */ = {
			isa = PBXGroup;
			children = (
				2822D47C2330F6B2006D747C /* Reachability.swift */,
				2822D47A2330F09A006D747C /* Webservice.swift */,
				28434E612333B7FD005C975B /* SessionManager.swift */,
			);
			path = Webservice;
			sourceTree = "<group>";
		};
		2822D47E233103A4006D747C /* Router */ = {
			isa = PBXGroup;
			children = (
				2822D47F233103CC006D747C /* LoginRouter.swift */,
			);
			path = Router;
			sourceTree = "<group>";
		};
		2822D4812331176C006D747C /* Entity */ = {
			isa = PBXGroup;
			children = (
				2822D4822331178F006D747C /* LoginEntity.swift */,
			);
			path = Entity;
			sourceTree = "<group>";
		};
		28E7E6F52338D49300237B26 /* SignupModel */ = {
			isa = PBXGroup;
			children = (
				28E7E6FD2338E67F00237B26 /* Protocals */,
				28E7E6FC2338E67300237B26 /* Entity */,
				28E7E6FB2338E65A00237B26 /* Interactor */,
				28E7E6F92338D52300237B26 /* SignUpRouter */,
				28E7E6FA2338E63800237B26 /* Presenter */,
				28E7E6F62338D4B700237B26 /* SignUpView */,
			);
			path = SignupModel;
			sourceTree = "<group>";
		};
		28E7E6F62338D4B700237B26 /* SignUpView */ = {
			isa = PBXGroup;
			children = (
				28E7E6F72338D4E000237B26 /* SignUpViewController.swift */,
			);
			path = SignUpView;
			sourceTree = "<group>";
		};
		28E7E6F92338D52300237B26 /* SignUpRouter */ = {
			isa = PBXGroup;
			children = (
				28E7E7022338F21900237B26 /* SignUpRouter.swift */,
			);
			path = SignUpRouter;
			sourceTree = "<group>";
		};
		28E7E6FA2338E63800237B26 /* Presenter */ = {
			isa = PBXGroup;
			children = (
				28E7E7002338EA9B00237B26 /* SignUpPresenter.swift */,
			);
			path = Presenter;
			sourceTree = "<group>";
		};
		28E7E6FB2338E65A00237B26 /* Interactor */ = {
			isa = PBXGroup;
			children = (
			);
			path = Interactor;
			sourceTree = "<group>";
		};
		28E7E6FC2338E67300237B26 /* Entity */ = {
			isa = PBXGroup;
			children = (
			);
			path = Entity;
			sourceTree = "<group>";
		};
		28E7E6FD2338E67F00237B26 /* Protocals */ = {
			isa = PBXGroup;
			children = (
				28E7E6FE2338E78F00237B26 /* SignUpProtocal.swift */,
			);
			path = Protocals;
			sourceTree = "<group>";
		};
		66882E3E15AAE7EF672C6D20 /* Frameworks */ = {
			isa = PBXGroup;
			children = (
				2D555617825006DEB46220C1 /* Pods_ViperSample.framework */,
			);
			name = Frameworks;
			sourceTree = "<group>";
		};
		BD2A84C969A5404F503E3096 /* Pods */ = {
			isa = PBXGroup;
			children = (
				97B65C5EE6D6D63154F4CF2F /* Pods-ViperSample.debug.xcconfig */,
				A17B2790157DAFB3B0B19558 /* Pods-ViperSample.release.xcconfig */,
			);
			path = Pods;
			sourceTree = "<group>";
		};
/* End PBXGroup section */

/* Begin PBXNativeTarget section */
		2822D4532330E60E006D747C /* ViperSample */ = {
			isa = PBXNativeTarget;
			buildConfigurationList = 2822D4662330E60F006D747C /* Build configuration list for PBXNativeTarget "ViperSample" */;
			buildPhases = (
				4AF99C7C6757885690230283 /* [CP] Check Pods Manifest.lock */,
				2822D4502330E60E006D747C /* Sources */,
				2822D4512330E60E006D747C /* Frameworks */,
				2822D4522330E60E006D747C /* Resources */,
				F8C90BD09F2FDEFBE831494D /* [CP] Embed Pods Frameworks */,
			);
			buildRules = (
			);
			dependencies = (
			);
			name = ViperSample;
			productName = ViperSample;
			productReference = 2822D4542330E60E006D747C /* ViperSample.app */;
			productType = "com.apple.product-type.application";
		};
/* End PBXNativeTarget section */

/* Begin PBXProject section */
		2822D44C2330E60E006D747C /* Project object */ = {
			isa = PBXProject;
			attributes = {
				LastSwiftUpdateCheck = 1020;
				LastUpgradeCheck = 1020;
				ORGANIZATIONNAME = "Thilak kumar";
				TargetAttributes = {
					2822D4532330E60E006D747C = {
						CreatedOnToolsVersion = 10.2.1;
					};
				};
			};
			buildConfigurationList = 2822D44F2330E60E006D747C /* Build configuration list for PBXProject "ViperSample" */;
			compatibilityVersion = "Xcode 9.3";
			developmentRegion = en;
			hasScannedForEncodings = 0;
			knownRegions = (
				en,
				Base,
			);
			mainGroup = 2822D44B2330E60E006D747C;
			productRefGroup = 2822D4552330E60E006D747C /* Products */;
			projectDirPath = "";
			projectRoot = "";
			targets = (
				2822D4532330E60E006D747C /* ViperSample */,
			);
		};
/* End PBXProject section */

/* Begin PBXResourcesBuildPhase section */
		2822D4522330E60E006D747C /* Resources */ = {
			isa = PBXResourcesBuildPhase;
			buildActionMask = 2147483647;
			files = (
				2822D4622330E60F006D747C /* LaunchScreen.storyboard in Resources */,
				2822D45F2330E60F006D747C /* Assets.xcassets in Resources */,
				2822D45D2330E60E006D747C /* Main.storyboard in Resources */,
			);
			runOnlyForDeploymentPostprocessing = 0;
		};
/* End PBXResourcesBuildPhase section */

/* Begin PBXShellScriptBuildPhase section */
		4AF99C7C6757885690230283 /* [CP] Check Pods Manifest.lock */ = {
			isa = PBXShellScriptBuildPhase;
			buildActionMask = 2147483647;
			files = (
			);
			inputFileListPaths = (
			);
			inputPaths = (
				"${PODS_PODFILE_DIR_PATH}/Podfile.lock",
				"${PODS_ROOT}/Manifest.lock",
			);
			name = "[CP] Check Pods Manifest.lock";
			outputFileListPaths = (
			);
			outputPaths = (
				"$(DERIVED_FILE_DIR)/Pods-ViperSample-checkManifestLockResult.txt",
			);
			runOnlyForDeploymentPostprocessing = 0;
			shellPath = /bin/sh;
			shellScript = "diff \"${PODS_PODFILE_DIR_PATH}/Podfile.lock\" \"${PODS_ROOT}/Manifest.lock\" > /dev/null\nif [ $? != 0 ] ; then\n    # print error to STDERR\n    echo \"error: The sandbox is not in sync with the Podfile.lock. Run 'pod install' or update your CocoaPods installation.\" >&2\n    exit 1\nfi\n# This output is used by Xcode 'outputs' to avoid re-running this script phase.\necho \"SUCCESS\" > \"${SCRIPT_OUTPUT_FILE_0}\"\n";
			showEnvVarsInLog = 0;
		};
		F8C90BD09F2FDEFBE831494D /* [CP] Embed Pods Frameworks */ = {
			isa = PBXShellScriptBuildPhase;
			buildActionMask = 2147483647;
			files = (
			);
			inputFileListPaths = (
			);
			inputPaths = (
				"${PODS_ROOT}/Target Support Files/Pods-ViperSample/Pods-ViperSample-frameworks.sh",
				"${BUILT_PRODUCTS_DIR}/Alamofire/Alamofire.framework",
				"${BUILT_PRODUCTS_DIR}/AlamofireObjectMapper/AlamofireObjectMapper.framework",
				"${BUILT_PRODUCTS_DIR}/ObjectMapper/ObjectMapper.framework",
				"${BUILT_PRODUCTS_DIR}/SwiftyJSON/SwiftyJSON.framework",
			);
			name = "[CP] Embed Pods Frameworks";
			outputFileListPaths = (
			);
			outputPaths = (
				"${TARGET_BUILD_DIR}/${FRAMEWORKS_FOLDER_PATH}/Alamofire.framework",
				"${TARGET_BUILD_DIR}/${FRAMEWORKS_FOLDER_PATH}/AlamofireObjectMapper.framework",
				"${TARGET_BUILD_DIR}/${FRAMEWORKS_FOLDER_PATH}/ObjectMapper.framework",
				"${TARGET_BUILD_DIR}/${FRAMEWORKS_FOLDER_PATH}/SwiftyJSON.framework",
			);
			runOnlyForDeploymentPostprocessing = 0;
			shellPath = /bin/sh;
			shellScript = "\"${PODS_ROOT}/Target Support Files/Pods-ViperSample/Pods-ViperSample-frameworks.sh\"\n";
			showEnvVarsInLog = 0;
		};
/* End PBXShellScriptBuildPhase section */

/* Begin PBXSourcesBuildPhase section */
		2822D4502330E60E006D747C /* Sources */ = {
			isa = PBXSourcesBuildPhase;
			buildActionMask = 2147483647;
			files = (
				28434E6023338162005C975B /* LoginViewController.swift in Sources */,
				2822D4832331178F006D747C /* LoginEntity.swift in Sources */,
				2853F7362331FF3C00B43D41 /* Constants.swift in Sources */,
				28E7E7012338EA9B00237B26 /* SignUpPresenter.swift in Sources */,
				28E7E7032338F21900237B26 /* SignUpRouter.swift in Sources */,
				2822D4712330EB2A006D747C /* LoginPresenter.swift in Sources */,
				2822D47B2330F09A006D747C /* Webservice.swift in Sources */,
				2822D46D2330E6D9006D747C /* LoginProtocals.swift in Sources */,
				2822D4752330EC02006D747C /* LoginInteractor.swift in Sources */,
				2822D480233103CC006D747C /* LoginRouter.swift in Sources */,
				2822D4582330E60E006D747C /* AppDelegate.swift in Sources */,
				2822D47D2330F6B2006D747C /* Reachability.swift in Sources */,
				2822D4782330EEE4006D747C /* URLManager.swift in Sources */,
				28E7E6F82338D4E000237B26 /* SignUpViewController.swift in Sources */,
				28434E622333B7FD005C975B /* SessionManager.swift in Sources */,
				28E7E6FF2338E78F00237B26 /* SignUpProtocal.swift in Sources */,
			);
			runOnlyForDeploymentPostprocessing = 0;
		};
/* End PBXSourcesBuildPhase section */

/* Begin PBXVariantGroup section */
		2822D45B2330E60E006D747C /* Main.storyboard */ = {
			isa = PBXVariantGroup;
			children = (
				2822D45C2330E60E006D747C /* Base */,
			);
			name = Main.storyboard;
			sourceTree = "<group>";
		};
		2822D4602330E60F006D747C /* LaunchScreen.storyboard */ = {
			isa = PBXVariantGroup;
			children = (
				2822D4612330E60F006D747C /* Base */,
			);
			name = LaunchScreen.storyboard;
			sourceTree = "<group>";
		};
/* End PBXVariantGroup section */

/* Begin XCBuildConfiguration section */
		2822D4642330E60F006D747C /* Debug */ = {
			isa = XCBuildConfiguration;
			buildSettings = {
				ALWAYS_SEARCH_USER_PATHS = NO;
				CLANG_ANALYZER_NONNULL = YES;
				CLANG_ANALYZER_NUMBER_OBJECT_CONVERSION = YES_AGGRESSIVE;
				CLANG_CXX_LANGUAGE_STANDARD = "gnu++14";
				CLANG_CXX_LIBRARY = "libc++";
				CLANG_ENABLE_MODULES = YES;
				CLANG_ENABLE_OBJC_ARC = YES;
				CLANG_ENABLE_OBJC_WEAK = YES;
				CLANG_WARN_BLOCK_CAPTURE_AUTORELEASING = YES;
				CLANG_WARN_BOOL_CONVERSION = YES;
				CLANG_WARN_COMMA = YES;
				CLANG_WARN_CONSTANT_CONVERSION = YES;
				CLANG_WARN_DEPRECATED_OBJC_IMPLEMENTATIONS = YES;
				CLANG_WARN_DIRECT_OBJC_ISA_USAGE = YES_ERROR;
				CLANG_WARN_DOCUMENTATION_COMMENTS = YES;
				CLANG_WARN_EMPTY_BODY = YES;
				CLANG_WARN_ENUM_CONVERSION = YES;
				CLANG_WARN_INFINITE_RECURSION = YES;
				CLANG_WARN_INT_CONVERSION = YES;
				CLANG_WARN_NON_LITERAL_NULL_CONVERSION = YES;
				CLANG_WARN_OBJC_IMPLICIT_RETAIN_SELF = YES;
				CLANG_WARN_OBJC_LITERAL_CONVERSION = YES;
				CLANG_WARN_OBJC_ROOT_CLASS = YES_ERROR;
				CLANG_WARN_RANGE_LOOP_ANALYSIS = YES;
				CLANG_WARN_STRICT_PROTOTYPES = YES;
				CLANG_WARN_SUSPICIOUS_MOVE = YES;
				CLANG_WARN_UNGUARDED_AVAILABILITY = YES_AGGRESSIVE;
				CLANG_WARN_UNREACHABLE_CODE = YES;
				CLANG_WARN__DUPLICATE_METHOD_MATCH = YES;
				CODE_SIGN_IDENTITY = "iPhone Developer";
				COPY_PHASE_STRIP = NO;
				DEBUG_INFORMATION_FORMAT = dwarf;
				ENABLE_STRICT_OBJC_MSGSEND = YES;
				ENABLE_TESTABILITY = YES;
				GCC_C_LANGUAGE_STANDARD = gnu11;
				GCC_DYNAMIC_NO_PIC = NO;
				GCC_NO_COMMON_BLOCKS = YES;
				GCC_OPTIMIZATION_LEVEL = 0;
				GCC_PREPROCESSOR_DEFINITIONS = (
					"DEBUG=1",
					"$(inherited)",
				);
				GCC_WARN_64_TO_32_BIT_CONVERSION = YES;
				GCC_WARN_ABOUT_RETURN_TYPE = YES_ERROR;
				GCC_WARN_UNDECLARED_SELECTOR = YES;
				GCC_WARN_UNINITIALIZED_AUTOS = YES_AGGRESSIVE;
				GCC_WARN_UNUSED_FUNCTION = YES;
				GCC_WARN_UNUSED_VARIABLE = YES;
				IPHONEOS_DEPLOYMENT_TARGET = 12.2;
				MTL_ENABLE_DEBUG_INFO = INCLUDE_SOURCE;
				MTL_FAST_MATH = YES;
				ONLY_ACTIVE_ARCH = YES;
				SDKROOT = iphoneos;
				SWIFT_ACTIVE_COMPILATION_CONDITIONS = DEBUG;
				SWIFT_OPTIMIZATION_LEVEL = "-Onone";
			};
			name = Debug;
		};
		2822D4652330E60F006D747C /* Release */ = {
			isa = XCBuildConfiguration;
			buildSettings = {
				ALWAYS_SEARCH_USER_PATHS = NO;
				CLANG_ANALYZER_NONNULL = YES;
				CLANG_ANALYZER_NUMBER_OBJECT_CONVERSION = YES_AGGRESSIVE;
				CLANG_CXX_LANGUAGE_STANDARD = "gnu++14";
				CLANG_CXX_LIBRARY = "libc++";
				CLANG_ENABLE_MODULES = YES;
				CLANG_ENABLE_OBJC_ARC = YES;
				CLANG_ENABLE_OBJC_WEAK = YES;
				CLANG_WARN_BLOCK_CAPTURE_AUTORELEASING = YES;
				CLANG_WARN_BOOL_CONVERSION = YES;
				CLANG_WARN_COMMA = YES;
				CLANG_WARN_CONSTANT_CONVERSION = YES;
				CLANG_WARN_DEPRECATED_OBJC_IMPLEMENTATIONS = YES;
				CLANG_WARN_DIRECT_OBJC_ISA_USAGE = YES_ERROR;
				CLANG_WARN_DOCUMENTATION_COMMENTS = YES;
				CLANG_WARN_EMPTY_BODY = YES;
				CLANG_WARN_ENUM_CONVERSION = YES;
				CLANG_WARN_INFINITE_RECURSION = YES;
				CLANG_WARN_INT_CONVERSION = YES;
				CLANG_WARN_NON_LITERAL_NULL_CONVERSION = YES;
				CLANG_WARN_OBJC_IMPLICIT_RETAIN_SELF = YES;
				CLANG_WARN_OBJC_LITERAL_CONVERSION = YES;
				CLANG_WARN_OBJC_ROOT_CLASS = YES_ERROR;
				CLANG_WARN_RANGE_LOOP_ANALYSIS = YES;
				CLANG_WARN_STRICT_PROTOTYPES = YES;
				CLANG_WARN_SUSPICIOUS_MOVE = YES;
				CLANG_WARN_UNGUARDED_AVAILABILITY = YES_AGGRESSIVE;
				CLANG_WARN_UNREACHABLE_CODE = YES;
				CLANG_WARN__DUPLICATE_METHOD_MATCH = YES;
				CODE_SIGN_IDENTITY = "iPhone Developer";
				COPY_PHASE_STRIP = NO;
				DEBUG_INFORMATION_FORMAT = "dwarf-with-dsym";
				ENABLE_NS_ASSERTIONS = NO;
				ENABLE_STRICT_OBJC_MSGSEND = YES;
				GCC_C_LANGUAGE_STANDARD = gnu11;
				GCC_NO_COMMON_BLOCKS = YES;
				GCC_WARN_64_TO_32_BIT_CONVERSION = YES;
				GCC_WARN_ABOUT_RETURN_TYPE = YES_ERROR;
				GCC_WARN_UNDECLARED_SELECTOR = YES;
				GCC_WARN_UNINITIALIZED_AUTOS = YES_AGGRESSIVE;
				GCC_WARN_UNUSED_FUNCTION = YES;
				GCC_WARN_UNUSED_VARIABLE = YES;
				IPHONEOS_DEPLOYMENT_TARGET = 12.2;
				MTL_ENABLE_DEBUG_INFO = NO;
				MTL_FAST_MATH = YES;
				SDKROOT = iphoneos;
				SWIFT_COMPILATION_MODE = wholemodule;
				SWIFT_OPTIMIZATION_LEVEL = "-O";
				VALIDATE_PRODUCT = YES;
			};
			name = Release;
		};
		2822D4672330E60F006D747C /* Debug */ = {
			isa = XCBuildConfiguration;
			baseConfigurationReference = 97B65C5EE6D6D63154F4CF2F /* Pods-ViperSample.debug.xcconfig */;
			buildSettings = {
				ASSETCATALOG_COMPILER_APPICON_NAME = AppIcon;
				CODE_SIGN_STYLE = Automatic;
				INFOPLIST_FILE = ViperSample/Info.plist;
				LD_RUNPATH_SEARCH_PATHS = (
					"$(inherited)",
					"@executable_path/Frameworks",
				);
				PRODUCT_BUNDLE_IDENTIFIER = Accion.ViperSample;
				PRODUCT_NAME = "$(TARGET_NAME)";
				SWIFT_VERSION = 5.0;
				TARGETED_DEVICE_FAMILY = "1,2";
			};
			name = Debug;
		};
		2822D4682330E60F006D747C /* Release */ = {
			isa = XCBuildConfiguration;
			baseConfigurationReference = A17B2790157DAFB3B0B19558 /* Pods-ViperSample.release.xcconfig */;
			buildSettings = {
				ASSETCATALOG_COMPILER_APPICON_NAME = AppIcon;
				CODE_SIGN_STYLE = Automatic;
				INFOPLIST_FILE = ViperSample/Info.plist;
				LD_RUNPATH_SEARCH_PATHS = (
					"$(inherited)",
					"@executable_path/Frameworks",
				);
				PRODUCT_BUNDLE_IDENTIFIER = Accion.ViperSample;
				PRODUCT_NAME = "$(TARGET_NAME)";
				SWIFT_VERSION = 5.0;
				TARGETED_DEVICE_FAMILY = "1,2";
			};
			name = Release;
		};
/* End XCBuildConfiguration section */

/* Begin XCConfigurationList section */
		2822D44F2330E60E006D747C /* Build configuration list for PBXProject "ViperSample" */ = {
			isa = XCConfigurationList;
			buildConfigurations = (
				2822D4642330E60F006D747C /* Debug */,
				2822D4652330E60F006D747C /* Release */,
			);
			defaultConfigurationIsVisible = 0;
			defaultConfigurationName = Release;
		};
		2822D4662330E60F006D747C /* Build configuration list for PBXNativeTarget "ViperSample" */ = {
			isa = XCConfigurationList;
			buildConfigurations = (
				2822D4672330E60F006D747C /* Debug */,
				2822D4682330E60F006D747C /* Release */,
			);
			defaultConfigurationIsVisible = 0;
			defaultConfigurationName = Release;
		};
/* End XCConfigurationList section */
	};
	rootObject = 2822D44C2330E60E006D747C /* Project object */;
}
